{
  "name": "koyeb-cors-anywhere",
  "version": "1.0.0",
  "lockfileVersion": 3,
  "requires": true,
  "packages": {
    "": {
      "name": "koyeb-cors-anywhere",
      "version": "1.0.0",
      "dependencies": {
        "cors-anywhere": "^0.4.4"
      }
    },
    "node_modules/cors-anywhere": {
      "version": "0.4.4",
      "resolved": "https://registry.npmjs.org/cors-anywhere/-/cors-anywhere-0.4.4.tgz",
      "integrity": "sha512-8OBFwnzMgR4mNrAeAyOLB2EruS2z7u02of2bOu7i9kKYlZG+niS7CTHLPgEXKWW2NAOJWRry9RRCaL9lJRjNqg==",
      "dependencies": {
        "http-proxy": "^1.11.1"
      },
      "engines": {
        "node": ">=0.10.0"
      }
    },
    "node_modules/eventemitter3": {
      "version": "4.0.7",
      "resolved": "https://registry.npmjs.org/eventemitter3/-/eventemitter3-4.0.7.tgz",
      "integrity": "sha512-8guHBZCwKnFhYdHr2ysuRWEsTvySk1wXjwdn994Exu3ypVr7QF941VWpddbm5clAmOCQLOu6kPklkatWBc5a0A=="
    },
    "node_modules/http-proxy": {
      "version": "1.18.1",
      "resolved": "https://registry.npmjs.org/http-proxy/-/http-proxy-1.18.1.tgz",
      "integrity": "sha512-79eE7wlySt+G4vC1OIn7ZInFkOITF60L8bI+R2ZdfFvCsc8wI8zS86Y4p6YpCq8F6vH8eSg==",
      "dependencies": {
        "eventemitter3": "^4.0.0",
        "requires-port": "^1.0.0"
      },
      "engines": {
        "node": ">=4.5.0"
      }
    },
    "node_modules/requires-port": {
      "version": "1.0.0",
      "resolved": "https://registry.npmjs.org/requires-port/-/requires-port-1.0.0.tgz",
      "integrity": "sha512-KigNZ89kWp6LwAwi8wU86gKeehyB5X+H5dB9ZAsmB9wVstUIdaZzv50As8I749v9H6T879AsRqwGv6mHUA=="
    }
  }
}
