{
  "name": "koyeb-cors-anywhere",
  "version": "1.0.0",
  "lockfileVersion": 3,
  "requires": true,
  "packages": {
    "": {
      "name": "koyeb-cors-anywhere",
      "version": "1.0.0",
      "dependencies": {
        "cors-anywhere": "^0.4.4"
      }
    },
    "node_modules/cors-anywhere": {
      "version": "0.4.4",
      "resolved": "https://registry.npmjs.org/cors-anywhere/-/cors-anywhere-0.4.4.tgz",
      "integrity": "sha512-70FkvIu0Y8u7H6VwS90Vb6N4R9O2GCHqXvK3V4L8dDnyK8Xq4N4C4X8S5w9s8vVd3D9C7yXv8w7Xv8w==",
      "engines": {
        "node": ">=0.10.0"
      }
    }
  }
}
