{
  "name": "koyeb-cors-anywhere",
  "version": "1.0.0",
  "lockfileVersion": 3,
  "requires": true,
  "packages": {
    "": {
      "name": "koyeb-cors-anywhere",
      "version": "1.0.0",
      "dependencies": {
        "cors-anywhere": "^0.4.4"
      }
    },
    "node_modules/cors-anywhere": {
      "version": "0.4.4",
      "resolved": "https://registry.npmjs.org/cors-anywhere/-/cors-anywhere-0.4.4.tgz",
      "integrity": "sha512-8OBFwnzMgR4mNrAeAyOLB2EruS2z7u02of2bOu7i9kKYlZG+niS7CTHLPgEXKWW2NAOJWRry9RRCaL9lJRjNqg==",
      "engines": {
        "node": ">=0.10.0"
      }
    }
  }
}
